<Solution>
  <Folder Name="/src/">
    <Project Path="src/SavedMessages.Components/SavedMessages.Components.csproj" Id="2188388b-2ec3-42de-b56c-717da6e53d53" />
    <Project Path="src/SavedMessages.Domain/SavedMessages.Domain.csproj" Id="b351b9a3-9c6c-445e-af87-c051758ff2e2" />
    <Project Path="src/SavedMessages.Maui/SavedMessages.Maui.csproj" Id="8c181922-a5b7-4074-81b2-2ff487caa954">
      <Deploy Solution="Debug|*" />
    </Project>
  </Folder>
</Solution>
